
Microsoft Visual Studio Solution File, Format Version 12.00
# Visual Studio 15
VisualStudioVersion = 15.0.26730.10
MinimumVisualStudioVersion = 10.0.40219.1
Project("{FAE04EC0-301F-11D3-BF4B-00C04F79EFBC}") = "Kosinskaya_Project", "Kosinskaya_Project\Kosinskaya_Project.csproj", "{7590ECD8-EC0F-4C1C-A7CE-1D6D5B256C27}"
EndProject
Global
	GlobalSection(SolutionConfigurationPlatforms) = preSolution
		Debug|Any CPU = Debug|Any CPU
		Release|Any CPU = Release|Any CPU
	EndGlobalSection
	GlobalSection(ProjectConfigurationPlatforms) = postSolution
		{7590ECD8-EC0F-4C1C-A7CE-1D6D5B256C27}.Debug|Any CPU.ActiveCfg = Debug|Any CPU
		{7590ECD8-EC0F-4C1C-A7CE-1D6D5B256C27}.Debug|Any CPU.Build.0 = Debug|Any CPU
		{7590ECD8-EC0F-4C1C-A7CE-1D6D5B256C27}.Release|Any CPU.ActiveCfg = Release|Any CPU
		{7590ECD8-EC0F-4C1C-A7CE-1D6D5B256C27}.Release|Any CPU.Build.0 = Release|Any CPU
	EndGlobalSection
	GlobalSection(SolutionProperties) = preSolution
		HideSolutionNode = FALSE
	EndGlobalSection
	GlobalSection(ExtensibilityGlobals) = postSolution
		SolutionGuid = {5B2E7893-E25E-4763-9B22-E2256024E013}
	EndGlobalSection
EndGlobal
